{
	"name": "@derhuerst/npm-git-bug-1",
	"version": "1.0.0",
	"lockfileVersion": 1,
	"requires": true,
	"dependencies": {
		"@derhuerst/npm-git-bug-2": {
			"version": "github:derhuerst/npm-git-bug-2#52dce58e43c064469c4262371c212f76beef2135",
			"from": "github:derhuerst/npm-git-bug-2#semver:^1.1.0",
			"requires": {
				"lodash": "github:lodash/lodash#ddfd9b11a0126db2302cb70ec9973b66baec0975"
			}
		},
		"async": {
			"version": "github:caolan/async#4752a792f5f9272e8db7f6035122ee9d7dd53539",
			"from": "github:caolan/async#v3.1.0"
		},
		"lodash": {
			"version": "github:lodash/lodash#ddfd9b11a0126db2302cb70ec9973b66baec0975",
			"from": "github:lodash/lodash#semver:^4.17.15"
		}
	}
}
