{
	"name": "@derhuerst/npm-git-bug-1",
	"version": "1.0.0",
	"lockfileVersion": 1,
	"requires": true,
	"dependencies": {
		"@derhuerst/npm-git-bug-2": {
			"version": "github:derhuerst/npm-git-bug-2#4414cb0c8f0753fe5b7a8f516bd04a771aa739a2",
			"from": "github:derhuerst/npm-git-bug-2#1.0.0",
			"requires": {
				"lodash": "^4.17.15"
			}
		},
		"async": {
			"version": "github:caolan/async#4752a792f5f9272e8db7f6035122ee9d7dd53539",
			"from": "github:caolan/async#v3.1.0"
		},
		"lodash": {
			"version": "4.17.15",
			"resolved": "https://registry.npmjs.org/lodash/-/lodash-4.17.15.tgz",
			"integrity": "sha512-8xOcRHvCjnocdS5cpwXQXVzmmh5e5+saE2QGoeQmbKmRS6J3VQppPOIt0MnmE+4xlZoumy0GPG0D0MVIQbNA1A=="
		}
	}
}
